
Microsoft Visual Studio Solution File, Format Version 12.00
# Visual Studio Version 17
VisualStudioVersion = 17.0.31912.275
MinimumVisualStudioVersion = 10.0.40219.1
Project("{9A19103F-16F7-4668-BE54-9A1E7A4F7556}") = "ClipCheckpoint", "ClipCheckpoint\ClipCheckpoint.csproj", "{0BF859D2-2573-40F4-AC9E-703CEEAC0836}"
EndProject
Project("{2150E333-8FDC-42A3-9474-1A3956D46DE8}") = "Solution Items", "Solution Items", "{B787CCCF-8357-4D7A-87AB-FB1B52E7F35B}"
	ProjectSection(SolutionItems) = preProject
		.gitignore = .gitignore
		LICENSE = LICENSE
	EndProjectSection
EndProject
Global
	GlobalSection(SolutionConfigurationPlatforms) = preSolution
		Debug|Any CPU = Debug|Any CPU
		Debug|x64 = Debug|x64
		Debug|x86 = Debug|x86
		Release|Any CPU = Release|Any CPU
		Release|x64 = Release|x64
		Release|x86 = Release|x86
	EndGlobalSection
	GlobalSection(ProjectConfigurationPlatforms) = postSolution
		{0BF859D2-2573-40F4-AC9E-703CEEAC0836}.Debug|Any CPU.ActiveCfg = Debug|Any CPU
		{0BF859D2-2573-40F4-AC9E-703CEEAC0836}.Debug|Any CPU.Build.0 = Debug|Any CPU
		{0BF859D2-2573-40F4-AC9E-703CEEAC0836}.Debug|x64.ActiveCfg = Debug|Any CPU
		{0BF859D2-2573-40F4-AC9E-703CEEAC0836}.Debug|x64.Build.0 = Debug|Any CPU
		{0BF859D2-2573-40F4-AC9E-703CEEAC0836}.Debug|x86.ActiveCfg = Debug|Any CPU
		{0BF859D2-2573-40F4-AC9E-703CEEAC0836}.Debug|x86.Build.0 = Debug|Any CPU
		{0BF859D2-2573-40F4-AC9E-703CEEAC0836}.Release|Any CPU.ActiveCfg = Release|Any CPU
		{0BF859D2-2573-40F4-AC9E-703CEEAC0836}.Release|Any CPU.Build.0 = Release|Any CPU
		{0BF859D2-2573-40F4-AC9E-703CEEAC0836}.Release|x64.ActiveCfg = Release|Any CPU
		{0BF859D2-2573-40F4-AC9E-703CEEAC0836}.Release|x64.Build.0 = Release|Any CPU
		{0BF859D2-2573-40F4-AC9E-703CEEAC0836}.Release|x86.ActiveCfg = Release|Any CPU
		{0BF859D2-2573-40F4-AC9E-703CEEAC0836}.Release|x86.Build.0 = Release|Any CPU
	EndGlobalSection
	GlobalSection(SolutionProperties) = preSolution
		HideSolutionNode = FALSE
	EndGlobalSection
	GlobalSection(ExtensibilityGlobals) = postSolution
		SolutionGuid = {F57CCFDF-2A72-49AD-B9D0-3DC79A3CFA80}
	EndGlobalSection
EndGlobal
