
Microsoft Visual Studio Solution File, Format Version 12.00
# Visual Studio Version 17
VisualStudioVersion = 17.4.33205.214
MinimumVisualStudioVersion = 10.0.40219.1
Project("{2150E333-8FDC-42A3-9474-1A3956D46DE8}") = "Src", "Src", "{2FB61435-7197-451A-B5CB-CAC21386715D}"
EndProject
Project("{2150E333-8FDC-42A3-9474-1A3956D46DE8}") = "Tests", "Tests", "{D58E3A70-049B-495E-8815-298E289A34F3}"
EndProject
Project("{2150E333-8FDC-42A3-9474-1A3956D46DE8}") = "Generators", "Generators", "{72440F72-0F94-418C-A118-6B9531EF63EE}"
EndProject
Project("{9A19103F-16F7-4668-BE54-9A1E7A4F7556}") = "GbxToolAPI", "Src\GbxToolAPI\GbxToolAPI.csproj", "{D469B2B7-ED60-42F1-8137-C0994E43EE80}"
EndProject
Project("{9A19103F-16F7-4668-BE54-9A1E7A4F7556}") = "GbxToolAPI.Client", "Src\GbxToolAPI.Client\GbxToolAPI.Client.csproj", "{7967461D-84C2-4B19-BFC2-91B0386E703B}"
EndProject
Project("{9A19103F-16F7-4668-BE54-9A1E7A4F7556}") = "GbxToolAPI.Lua", "Src\GbxToolAPI.Lua\GbxToolAPI.Lua.csproj", "{4A6E90AC-E4A7-4304-9DC2-9265E96A7B5D}"
EndProject
Project("{9A19103F-16F7-4668-BE54-9A1E7A4F7556}") = "GbxToolAPI.Server", "Src\GbxToolAPI.Server\GbxToolAPI.Server.csproj", "{FFE08F9E-22DE-4444-A1A3-53354F93C540}"
EndProject
Project("{9A19103F-16F7-4668-BE54-9A1E7A4F7556}") = "GbxToolAPI.Client.Tests", "Tests\GbxToolAPI.Client.Tests\GbxToolAPI.Client.Tests.csproj", "{302E0E49-24A3-4304-AF8E-5B3E761C0CFB}"
EndProject
Project("{9A19103F-16F7-4668-BE54-9A1E7A4F7556}") = "GbxToolAPI.Server.Tests", "Tests\GbxToolAPI.Server.Tests\GbxToolAPI.Server.Tests.csproj", "{DD907180-09AD-4F0C-AAB6-BFE9A02AB6F5}"
EndProject
Project("{9A19103F-16F7-4668-BE54-9A1E7A4F7556}") = "GbxToolAPI.Client.Generators", "Generators\GbxToolAPI.Client.Generators\GbxToolAPI.Client.Generators.csproj", "{E63C85E2-8984-451A-8943-D90C1A90C33D}"
EndProject
Project("{9A19103F-16F7-4668-BE54-9A1E7A4F7556}") = "GbxToolAPI.CLI", "Src\GbxToolAPI.CLI\GbxToolAPI.CLI.csproj", "{693AFD8B-81D5-4D8B-9D9D-39B23850FCE7}"
EndProject
Global
	GlobalSection(SolutionConfigurationPlatforms) = preSolution
		Debug|Any CPU = Debug|Any CPU
		Release|Any CPU = Release|Any CPU
	EndGlobalSection
	GlobalSection(ProjectConfigurationPlatforms) = postSolution
		{D469B2B7-ED60-42F1-8137-C0994E43EE80}.Debug|Any CPU.ActiveCfg = Debug|Any CPU
		{D469B2B7-ED60-42F1-8137-C0994E43EE80}.Debug|Any CPU.Build.0 = Debug|Any CPU
		{D469B2B7-ED60-42F1-8137-C0994E43EE80}.Release|Any CPU.ActiveCfg = Release|Any CPU
		{D469B2B7-ED60-42F1-8137-C0994E43EE80}.Release|Any CPU.Build.0 = Release|Any CPU
		{7967461D-84C2-4B19-BFC2-91B0386E703B}.Debug|Any CPU.ActiveCfg = Debug|Any CPU
		{7967461D-84C2-4B19-BFC2-91B0386E703B}.Debug|Any CPU.Build.0 = Debug|Any CPU
		{7967461D-84C2-4B19-BFC2-91B0386E703B}.Release|Any CPU.ActiveCfg = Release|Any CPU
		{7967461D-84C2-4B19-BFC2-91B0386E703B}.Release|Any CPU.Build.0 = Release|Any CPU
		{4A6E90AC-E4A7-4304-9DC2-9265E96A7B5D}.Debug|Any CPU.ActiveCfg = Debug|Any CPU
		{4A6E90AC-E4A7-4304-9DC2-9265E96A7B5D}.Debug|Any CPU.Build.0 = Debug|Any CPU
		{4A6E90AC-E4A7-4304-9DC2-9265E96A7B5D}.Release|Any CPU.ActiveCfg = Release|Any CPU
		{4A6E90AC-E4A7-4304-9DC2-9265E96A7B5D}.Release|Any CPU.Build.0 = Release|Any CPU
		{FFE08F9E-22DE-4444-A1A3-53354F93C540}.Debug|Any CPU.ActiveCfg = Debug|Any CPU
		{FFE08F9E-22DE-4444-A1A3-53354F93C540}.Debug|Any CPU.Build.0 = Debug|Any CPU
		{FFE08F9E-22DE-4444-A1A3-53354F93C540}.Release|Any CPU.ActiveCfg = Release|Any CPU
		{FFE08F9E-22DE-4444-A1A3-53354F93C540}.Release|Any CPU.Build.0 = Release|Any CPU
		{302E0E49-24A3-4304-AF8E-5B3E761C0CFB}.Debug|Any CPU.ActiveCfg = Debug|Any CPU
		{302E0E49-24A3-4304-AF8E-5B3E761C0CFB}.Debug|Any CPU.Build.0 = Debug|Any CPU
		{302E0E49-24A3-4304-AF8E-5B3E761C0CFB}.Release|Any CPU.ActiveCfg = Release|Any CPU
		{302E0E49-24A3-4304-AF8E-5B3E761C0CFB}.Release|Any CPU.Build.0 = Release|Any CPU
		{DD907180-09AD-4F0C-AAB6-BFE9A02AB6F5}.Debug|Any CPU.ActiveCfg = Debug|Any CPU
		{DD907180-09AD-4F0C-AAB6-BFE9A02AB6F5}.Debug|Any CPU.Build.0 = Debug|Any CPU
		{DD907180-09AD-4F0C-AAB6-BFE9A02AB6F5}.Release|Any CPU.ActiveCfg = Release|Any CPU
		{DD907180-09AD-4F0C-AAB6-BFE9A02AB6F5}.Release|Any CPU.Build.0 = Release|Any CPU
		{E63C85E2-8984-451A-8943-D90C1A90C33D}.Debug|Any CPU.ActiveCfg = Debug|Any CPU
		{E63C85E2-8984-451A-8943-D90C1A90C33D}.Debug|Any CPU.Build.0 = Debug|Any CPU
		{E63C85E2-8984-451A-8943-D90C1A90C33D}.Release|Any CPU.ActiveCfg = Release|Any CPU
		{E63C85E2-8984-451A-8943-D90C1A90C33D}.Release|Any CPU.Build.0 = Release|Any CPU
		{693AFD8B-81D5-4D8B-9D9D-39B23850FCE7}.Debug|Any CPU.ActiveCfg = Debug|Any CPU
		{693AFD8B-81D5-4D8B-9D9D-39B23850FCE7}.Debug|Any CPU.Build.0 = Debug|Any CPU
		{693AFD8B-81D5-4D8B-9D9D-39B23850FCE7}.Release|Any CPU.ActiveCfg = Release|Any CPU
		{693AFD8B-81D5-4D8B-9D9D-39B23850FCE7}.Release|Any CPU.Build.0 = Release|Any CPU
	EndGlobalSection
	GlobalSection(SolutionProperties) = preSolution
		HideSolutionNode = FALSE
	EndGlobalSection
	GlobalSection(NestedProjects) = preSolution
		{D469B2B7-ED60-42F1-8137-C0994E43EE80} = {2FB61435-7197-451A-B5CB-CAC21386715D}
		{7967461D-84C2-4B19-BFC2-91B0386E703B} = {2FB61435-7197-451A-B5CB-CAC21386715D}
		{4A6E90AC-E4A7-4304-9DC2-9265E96A7B5D} = {2FB61435-7197-451A-B5CB-CAC21386715D}
		{FFE08F9E-22DE-4444-A1A3-53354F93C540} = {2FB61435-7197-451A-B5CB-CAC21386715D}
		{302E0E49-24A3-4304-AF8E-5B3E761C0CFB} = {D58E3A70-049B-495E-8815-298E289A34F3}
		{DD907180-09AD-4F0C-AAB6-BFE9A02AB6F5} = {D58E3A70-049B-495E-8815-298E289A34F3}
		{E63C85E2-8984-451A-8943-D90C1A90C33D} = {72440F72-0F94-418C-A118-6B9531EF63EE}
		{693AFD8B-81D5-4D8B-9D9D-39B23850FCE7} = {2FB61435-7197-451A-B5CB-CAC21386715D}
	EndGlobalSection
	GlobalSection(ExtensibilityGlobals) = postSolution
		SolutionGuid = {7C5426F2-569A-4729-A80D-367B85FA31EA}
	EndGlobalSection
EndGlobal
